
Microsoft Visual Studio Solution File, Format Version 12.00
# Visual Studio Version 17
VisualStudioVersion = 17.1.32210.238
MinimumVisualStudioVersion = 10.0.40219.1
Project("{FAE04EC0-301F-11D3-BF4B-00C04F79EFBC}") = "AccLite", "AccLite.csproj", "{16792B12-53E0-4388-B988-4A4F268CF4EB}"
EndProject
Global
	GlobalSection(SolutionConfigurationPlatforms) = preSolution
		Debug|Any CPU = Debug|Any CPU
		Release|Any CPU = Release|Any CPU
	EndGlobalSection
	GlobalSection(ProjectConfigurationPlatforms) = postSolution
		{16792B12-53E0-4388-B988-4A4F268CF4EB}.Debug|Any CPU.ActiveCfg = Debug|Any CPU
		{16792B12-53E0-4388-B988-4A4F268CF4EB}.Debug|Any CPU.Build.0 = Debug|Any CPU
		{16792B12-53E0-4388-B988-4A4F268CF4EB}.Release|Any CPU.ActiveCfg = Release|Any CPU
		{16792B12-53E0-4388-B988-4A4F268CF4EB}.Release|Any CPU.Build.0 = Release|Any CPU
	EndGlobalSection
	GlobalSection(SolutionProperties) = preSolution
		HideSolutionNode = FALSE
	EndGlobalSection
	GlobalSection(ExtensibilityGlobals) = postSolution
		SolutionGuid = {06C46FD5-B92E-44E9-840B-D6C3596F5E04}
	EndGlobalSection
EndGlobal
